
Microsoft Visual Studio Solution File, Format Version 12.00
# Visual Studio Version 17
VisualStudioVersion = 17.4.33205.214
MinimumVisualStudioVersion = 10.0.40219.1
Project("{FAE04EC0-301F-11D3-BF4B-00C04F79EFBC}") = "DeepOrangeIdentity", "DeepOrangeIdentity\DeepOrangeIdentity.csproj", "{943F7757-6FBD-4861-9FDA-4E23E518C751}"
EndProject
Global
	GlobalSection(SolutionConfigurationPlatforms) = preSolution
		Debug|Any CPU = Debug|Any CPU
		Release|Any CPU = Release|Any CPU
	EndGlobalSection
	GlobalSection(ProjectConfigurationPlatforms) = postSolution
		{943F7757-6FBD-4861-9FDA-4E23E518C751}.Debug|Any CPU.ActiveCfg = Debug|Any CPU
		{943F7757-6FBD-4861-9FDA-4E23E518C751}.Debug|Any CPU.Build.0 = Debug|Any CPU
		{943F7757-6FBD-4861-9FDA-4E23E518C751}.Release|Any CPU.ActiveCfg = Release|Any CPU
		{943F7757-6FBD-4861-9FDA-4E23E518C751}.Release|Any CPU.Build.0 = Release|Any CPU
	EndGlobalSection
	GlobalSection(SolutionProperties) = preSolution
		HideSolutionNode = FALSE
	EndGlobalSection
	GlobalSection(ExtensibilityGlobals) = postSolution
		SolutionGuid = {4DEB9C49-8209-41B1-8008-0D441D8D7516}
	EndGlobalSection
EndGlobal
